
Microsoft Visual Studio Solution File, Format Version 12.00
# Visual Studio Version 17
VisualStudioVersion = 17.9.34728.123
MinimumVisualStudioVersion = 10.0.40219.1
Project("{FAE04EC0-301F-11D3-BF4B-00C04F79EFBC}") = "RyzenFs", "RyzenFs\RyzenFs.csproj", "{0A5A65EF-861A-4073-BE45-9D147E98834A}"
EndProject
Global
	GlobalSection(SolutionConfigurationPlatforms) = preSolution
		Debug|Any CPU = Debug|Any CPU
		Release|Any CPU = Release|Any CPU
	EndGlobalSection
	GlobalSection(ProjectConfigurationPlatforms) = postSolution
		{0A5A65EF-861A-4073-BE45-9D147E98834A}.Debug|Any CPU.ActiveCfg = Debug|Any CPU
		{0A5A65EF-861A-4073-BE45-9D147E98834A}.Debug|Any CPU.Build.0 = Debug|Any CPU
		{0A5A65EF-861A-4073-BE45-9D147E98834A}.Release|Any CPU.ActiveCfg = Release|Any CPU
		{0A5A65EF-861A-4073-BE45-9D147E98834A}.Release|Any CPU.Build.0 = Release|Any CPU
	EndGlobalSection
	GlobalSection(SolutionProperties) = preSolution
		HideSolutionNode = FALSE
	EndGlobalSection
	GlobalSection(ExtensibilityGlobals) = postSolution
		SolutionGuid = {50BF661B-7A06-44FB-8E23-CD4C96505371}
	EndGlobalSection
EndGlobal
